{
  "name": "k6-grpc-stream",
  "version": "0.0.1",
  "lockfileVersion": 3,
  "requires": true,
  "packages": {
    "": {
      "name": "k6-grpc-stream",
      "version": "0.0.1",
      "license": "MIT",
      "devDependencies": {
        "@types/k6": "*",
        "typescript": "^5.0.0"
      }
    },
    "node_modules/@types/k6": {
      "version": "2.0.1",
      "resolved": "https://registry.npmjs.org/@types/k6/-/k6-2.0.1.tgz",
      "integrity": "sha512-3lAXtNx1qMwnn+fbE65yP1h9ADJyG6xQaIfGrhasZI2uck8S+gLuCbQl38YkbR5lGeE/NyCiF0FznmElpUgBsA==",
      "dev": true
    },
    "node_modules/typescript": {
      "version": "5.9.3",
      "resolved": "https://registry.npmjs.org/typescript/-/typescript-5.9.3.tgz",
      "integrity": "sha512-jl1vZzPDinLr9eUt3J/t7V6FgNEw9QjvBPdysz9KfQDD41fQrC2Y4vKQdiaUpFT4bXlb1RHhLpp8wtm6M5TgSw==",
      "dev": true,
      "bin": {
        "tsc": "bin/tsc",
        "tsserver": "bin/tsserver"
      },
      "engines": {
        "node": ">=14.17"
      }
    }
  }
}
